# This file is generated by running "yarn install" inside your project.
# Manual changes might be lost - proceed with caution!

__metadata:
  version: 6
  cacheKey: 8

"@playwright/test@npm:^1.25.2":
  version: 1.25.2
  resolution: "@playwright/test@npm:1.25.2"
  dependencies:
    "@types/node": "*"
    playwright-core: 1.25.2
  bin:
    playwright: cli.js
  checksum: 3c24027bd9b305a3985cae35a4046e656dd0ffb76ef4dfcfc864f6c8492a643fc21c79048ee8169c5c1562d3cae493e7223a5473b127fef3bda7c7c52795c17d
  languageName: node
  linkType: hard

"@types/node@npm:*":
  version: 18.7.16
  resolution: "@types/node@npm:18.7.16"
  checksum: 01a3d35c764a3f0e7370b56e1ad4203731131883c65784e020009014171b3f53c4649cde6c7aa4f1026b907ee87ef6ae6ece2bc518151dc7b81100fe8b1db3ad
  languageName: node
  linkType: hard

"dotenv@npm:^16.0.2":
  version: 16.0.2
  resolution: "dotenv@npm:16.0.2"
  checksum: ca8f9ca2d67929c7771069f4c31b4e46b9932621009e658e5afd655dde2d69b77642bf36dbc9e72bc170523dfd908a9ee41c26f034c1fdc605ace3b1b4b10faf
  languageName: node
  linkType: hard

"hioscar@workspace:.":
  version: 0.0.0-use.local
  resolution: "hioscar@workspace:."
  dependencies:
    "@playwright/test": ^1.25.2
    dotenv: ^16.0.2
  languageName: unknown
  linkType: soft

"playwright-core@npm:1.25.2":
  version: 1.25.2
  resolution: "playwright-core@npm:1.25.2"
  bin:
    playwright: cli.js
  checksum: 24ada61e2132bd7278cf0aa0ef711280e1519c437efa0088a99c47ef994202f4c9880521d8c0c51ab854bef08806f372477d754aac1e790ea64f18cd346b5b2f
  languageName: node
  linkType: hard
